
Microsoft Visual Studio Solution File, Format Version 12.00
# Visual Studio Version 17
VisualStudioVersion = 17.3.32901.215
MinimumVisualStudioVersion = 10.0.40219.1
Project("{FAE04EC0-301F-11D3-BF4B-00C04F79EFBC}") = "Loth.AppMvc", "src\Loth.AppMvc\Loth.AppMvc.csproj", "{BF8FA1F8-B527-4065-AE74-A50AAA4457BB}"
EndProject
Project("{FAE04EC0-301F-11D3-BF4B-00C04F79EFBC}") = "Loth.Business", "src\Loth.Business\Loth.Business.csproj", "{D58D53A2-F524-47DA-A6D8-F491B2F05542}"
EndProject
Project("{FAE04EC0-301F-11D3-BF4B-00C04F79EFBC}") = "Loth.Infra", "src\Loth.Infra\Loth.Infra.csproj", "{4E1C414A-CEE2-470F-BCE8-9A61B409B3BF}"
EndProject
Global
	GlobalSection(SolutionConfigurationPlatforms) = preSolution
		Debug|Any CPU = Debug|Any CPU
		Release|Any CPU = Release|Any CPU
	EndGlobalSection
	GlobalSection(ProjectConfigurationPlatforms) = postSolution
		{BF8FA1F8-B527-4065-AE74-A50AAA4457BB}.Debug|Any CPU.ActiveCfg = Debug|Any CPU
		{BF8FA1F8-B527-4065-AE74-A50AAA4457BB}.Debug|Any CPU.Build.0 = Debug|Any CPU
		{BF8FA1F8-B527-4065-AE74-A50AAA4457BB}.Release|Any CPU.ActiveCfg = Release|Any CPU
		{BF8FA1F8-B527-4065-AE74-A50AAA4457BB}.Release|Any CPU.Build.0 = Release|Any CPU
		{D58D53A2-F524-47DA-A6D8-F491B2F05542}.Debug|Any CPU.ActiveCfg = Debug|Any CPU
		{D58D53A2-F524-47DA-A6D8-F491B2F05542}.Debug|Any CPU.Build.0 = Debug|Any CPU
		{D58D53A2-F524-47DA-A6D8-F491B2F05542}.Release|Any CPU.ActiveCfg = Release|Any CPU
		{D58D53A2-F524-47DA-A6D8-F491B2F05542}.Release|Any CPU.Build.0 = Release|Any CPU
		{4E1C414A-CEE2-470F-BCE8-9A61B409B3BF}.Debug|Any CPU.ActiveCfg = Debug|Any CPU
		{4E1C414A-CEE2-470F-BCE8-9A61B409B3BF}.Debug|Any CPU.Build.0 = Debug|Any CPU
		{4E1C414A-CEE2-470F-BCE8-9A61B409B3BF}.Release|Any CPU.ActiveCfg = Release|Any CPU
		{4E1C414A-CEE2-470F-BCE8-9A61B409B3BF}.Release|Any CPU.Build.0 = Release|Any CPU
	EndGlobalSection
	GlobalSection(SolutionProperties) = preSolution
		HideSolutionNode = FALSE
	EndGlobalSection
	GlobalSection(ExtensibilityGlobals) = postSolution
		SolutionGuid = {7211864F-1B94-4E61-86B7-98ECC0DB9FAC}
	EndGlobalSection
EndGlobal
